
Microsoft Visual Studio Solution File, Format Version 12.00
# Visual Studio 2013
VisualStudioVersion = 12.0.30501.0
MinimumVisualStudioVersion = 10.0.40219.1
Project("{FAE04EC0-301F-11D3-BF4B-00C04F79EFBC}") = "ResillientOrg", "ResillientOrg\ResillientOrg.csproj", "{070C8A24-92E6-4CC5-92DC-9FF3DCCA099F}"
EndProject
Project("{FAE04EC0-301F-11D3-BF4B-00C04F79EFBC}") = "ResillientOrg.Tests", "ResillientOrg.Tests\ResillientOrg.Tests.csproj", "{247D61EF-65F0-4CE8-B858-E780200A4750}"
EndProject
Global
	GlobalSection(SolutionConfigurationPlatforms) = preSolution
		Debug|Any CPU = Debug|Any CPU
		Release|Any CPU = Release|Any CPU
	EndGlobalSection
	GlobalSection(ProjectConfigurationPlatforms) = postSolution
		{070C8A24-92E6-4CC5-92DC-9FF3DCCA099F}.Debug|Any CPU.ActiveCfg = Debug|Any CPU
		{070C8A24-92E6-4CC5-92DC-9FF3DCCA099F}.Debug|Any CPU.Build.0 = Debug|Any CPU
		{070C8A24-92E6-4CC5-92DC-9FF3DCCA099F}.Release|Any CPU.ActiveCfg = Release|Any CPU
		{070C8A24-92E6-4CC5-92DC-9FF3DCCA099F}.Release|Any CPU.Build.0 = Release|Any CPU
		{247D61EF-65F0-4CE8-B858-E780200A4750}.Debug|Any CPU.ActiveCfg = Debug|Any CPU
		{247D61EF-65F0-4CE8-B858-E780200A4750}.Debug|Any CPU.Build.0 = Debug|Any CPU
		{247D61EF-65F0-4CE8-B858-E780200A4750}.Release|Any CPU.ActiveCfg = Release|Any CPU
		{247D61EF-65F0-4CE8-B858-E780200A4750}.Release|Any CPU.Build.0 = Release|Any CPU
	EndGlobalSection
	GlobalSection(SolutionProperties) = preSolution
		HideSolutionNode = FALSE
	EndGlobalSection
EndGlobal
